
Microsoft Visual Studio Solution File, Format Version 12.00
# Visual Studio Version 16
VisualStudioVersion = 16.0.28917.181
MinimumVisualStudioVersion = 10.0.40219.1
Project("{151D2E53-A2C4-4D7D-83FE-D05416EBD58E}") = "xyz-myresources-devops", "xyz-myresources-devops\xyz-myresources-devops.deployproj", "{005B8D58-723C-46E3-BBF2-21BD6164457A}"
EndProject
Global
	GlobalSection(SolutionConfigurationPlatforms) = preSolution
		Debug|Any CPU = Debug|Any CPU
		Release|Any CPU = Release|Any CPU
	EndGlobalSection
	GlobalSection(ProjectConfigurationPlatforms) = postSolution
		{005B8D58-723C-46E3-BBF2-21BD6164457A}.Debug|Any CPU.ActiveCfg = Debug|Any CPU
		{005B8D58-723C-46E3-BBF2-21BD6164457A}.Debug|Any CPU.Build.0 = Debug|Any CPU
		{005B8D58-723C-46E3-BBF2-21BD6164457A}.Release|Any CPU.ActiveCfg = Release|Any CPU
		{005B8D58-723C-46E3-BBF2-21BD6164457A}.Release|Any CPU.Build.0 = Release|Any CPU
	EndGlobalSection
	GlobalSection(SolutionProperties) = preSolution
		HideSolutionNode = FALSE
	EndGlobalSection
	GlobalSection(ExtensibilityGlobals) = postSolution
		SolutionGuid = {7D727198-2FF1-4CFF-8A58-B0C855C323F8}
	EndGlobalSection
EndGlobal
